
Microsoft Visual Studio Solution File, Format Version 12.00
# Visual Studio 2013
VisualStudioVersion = 12.0.31101.0
MinimumVisualStudioVersion = 10.0.40219.1
Project("{FAE04EC0-301F-11D3-BF4B-00C04F79EFBC}") = "01SeriesOfLetters", "01SeriesOfLetters\01SeriesOfLetters.csproj", "{ACC014A8-94AC-401A-A7FD-C375AB07AEE1}"
EndProject
Project("{FAE04EC0-301F-11D3-BF4B-00C04F79EFBC}") = "02ReplaceATag", "02ReplaceATag\02ReplaceATag.csproj", "{70A71C13-CA40-4353-8282-91297869EF59}"
EndProject
Project("{FAE04EC0-301F-11D3-BF4B-00C04F79EFBC}") = "03ExtractEmails", "03ExtractEmails\03ExtractEmails.csproj", "{8AAD97BC-7E03-490B-8471-7B6C1D64E77F}"
EndProject
Project("{FAE04EC0-301F-11D3-BF4B-00C04F79EFBC}") = "04SentenceExtractor", "04SentenceExtractor\04SentenceExtractor.csproj", "{084F36BC-1D04-4973-8646-61233723FC90}"
EndProject
Project("{FAE04EC0-301F-11D3-BF4B-00C04F79EFBC}") = "05ValidUsername", "05ValidUsername\05ValidUsername.csproj", "{1A624E9F-8866-4943-95BE-C5C6EE838DF5}"
EndProject
Project("{FAE04EC0-301F-11D3-BF4B-00C04F79EFBC}") = "06ExtractHyperlinks", "06ExtractHyperlinks\06ExtractHyperlinks.csproj", "{88B4F6CB-F3FE-47A3-B34F-19F535A1524A}"
EndProject
Project("{FAE04EC0-301F-11D3-BF4B-00C04F79EFBC}") = "07QueryMess", "07QueryMess\07QueryMess.csproj", "{539FD6B8-CFCD-4C96-B24A-73C389E11B3A}"
EndProject
Project("{FAE04EC0-301F-11D3-BF4B-00C04F79EFBC}") = "08UseYourChainsBuddy", "08UseYourChainsBuddy\08UseYourChainsBuddy.csproj", "{302DCE23-D53F-4476-B1CA-7666B5C91A0C}"
EndProject
Project("{FAE04EC0-301F-11D3-BF4B-00C04F79EFBC}") = "09SemanticHTML", "09SemanticHTML\09SemanticHTML.csproj", "{B48CA359-211B-4022-8310-49DF627545BC}"
EndProject
Global
	GlobalSection(SolutionConfigurationPlatforms) = preSolution
		Debug|Any CPU = Debug|Any CPU
		Release|Any CPU = Release|Any CPU
	EndGlobalSection
	GlobalSection(ProjectConfigurationPlatforms) = postSolution
		{ACC014A8-94AC-401A-A7FD-C375AB07AEE1}.Debug|Any CPU.ActiveCfg = Debug|Any CPU
		{ACC014A8-94AC-401A-A7FD-C375AB07AEE1}.Debug|Any CPU.Build.0 = Debug|Any CPU
		{ACC014A8-94AC-401A-A7FD-C375AB07AEE1}.Release|Any CPU.ActiveCfg = Release|Any CPU
		{ACC014A8-94AC-401A-A7FD-C375AB07AEE1}.Release|Any CPU.Build.0 = Release|Any CPU
		{70A71C13-CA40-4353-8282-91297869EF59}.Debug|Any CPU.ActiveCfg = Debug|Any CPU
		{70A71C13-CA40-4353-8282-91297869EF59}.Debug|Any CPU.Build.0 = Debug|Any CPU
		{70A71C13-CA40-4353-8282-91297869EF59}.Release|Any CPU.ActiveCfg = Release|Any CPU
		{70A71C13-CA40-4353-8282-91297869EF59}.Release|Any CPU.Build.0 = Release|Any CPU
		{8AAD97BC-7E03-490B-8471-7B6C1D64E77F}.Debug|Any CPU.ActiveCfg = Debug|Any CPU
		{8AAD97BC-7E03-490B-8471-7B6C1D64E77F}.Debug|Any CPU.Build.0 = Debug|Any CPU
		{8AAD97BC-7E03-490B-8471-7B6C1D64E77F}.Release|Any CPU.ActiveCfg = Release|Any CPU
		{8AAD97BC-7E03-490B-8471-7B6C1D64E77F}.Release|Any CPU.Build.0 = Release|Any CPU
		{084F36BC-1D04-4973-8646-61233723FC90}.Debug|Any CPU.ActiveCfg = Debug|Any CPU
		{084F36BC-1D04-4973-8646-61233723FC90}.Debug|Any CPU.Build.0 = Debug|Any CPU
		{084F36BC-1D04-4973-8646-61233723FC90}.Release|Any CPU.ActiveCfg = Release|Any CPU
		{084F36BC-1D04-4973-8646-61233723FC90}.Release|Any CPU.Build.0 = Release|Any CPU
		{1A624E9F-8866-4943-95BE-C5C6EE838DF5}.Debug|Any CPU.ActiveCfg = Debug|Any CPU
		{1A624E9F-8866-4943-95BE-C5C6EE838DF5}.Debug|Any CPU.Build.0 = Debug|Any CPU
		{1A624E9F-8866-4943-95BE-C5C6EE838DF5}.Release|Any CPU.ActiveCfg = Release|Any CPU
		{1A624E9F-8866-4943-95BE-C5C6EE838DF5}.Release|Any CPU.Build.0 = Release|Any CPU
		{88B4F6CB-F3FE-47A3-B34F-19F535A1524A}.Debug|Any CPU.ActiveCfg = Debug|Any CPU
		{88B4F6CB-F3FE-47A3-B34F-19F535A1524A}.Debug|Any CPU.Build.0 = Debug|Any CPU
		{88B4F6CB-F3FE-47A3-B34F-19F535A1524A}.Release|Any CPU.ActiveCfg = Release|Any CPU
		{88B4F6CB-F3FE-47A3-B34F-19F535A1524A}.Release|Any CPU.Build.0 = Release|Any CPU
		{539FD6B8-CFCD-4C96-B24A-73C389E11B3A}.Debug|Any CPU.ActiveCfg = Debug|Any CPU
		{539FD6B8-CFCD-4C96-B24A-73C389E11B3A}.Debug|Any CPU.Build.0 = Debug|Any CPU
		{539FD6B8-CFCD-4C96-B24A-73C389E11B3A}.Release|Any CPU.ActiveCfg = Release|Any CPU
		{539FD6B8-CFCD-4C96-B24A-73C389E11B3A}.Release|Any CPU.Build.0 = Release|Any CPU
		{302DCE23-D53F-4476-B1CA-7666B5C91A0C}.Debug|Any CPU.ActiveCfg = Debug|Any CPU
		{302DCE23-D53F-4476-B1CA-7666B5C91A0C}.Debug|Any CPU.Build.0 = Debug|Any CPU
		{302DCE23-D53F-4476-B1CA-7666B5C91A0C}.Release|Any CPU.ActiveCfg = Release|Any CPU
		{302DCE23-D53F-4476-B1CA-7666B5C91A0C}.Release|Any CPU.Build.0 = Release|Any CPU
		{B48CA359-211B-4022-8310-49DF627545BC}.Debug|Any CPU.ActiveCfg = Debug|Any CPU
		{B48CA359-211B-4022-8310-49DF627545BC}.Debug|Any CPU.Build.0 = Debug|Any CPU
		{B48CA359-211B-4022-8310-49DF627545BC}.Release|Any CPU.ActiveCfg = Release|Any CPU
		{B48CA359-211B-4022-8310-49DF627545BC}.Release|Any CPU.Build.0 = Release|Any CPU
	EndGlobalSection
	GlobalSection(SolutionProperties) = preSolution
		HideSolutionNode = FALSE
	EndGlobalSection
EndGlobal
