
Microsoft Visual Studio Solution File, Format Version 12.00
# Visual Studio 2013
VisualStudioVersion = 12.0.31101.0
MinimumVisualStudioVersion = 10.0.40219.1
Project("{FAE04EC0-301F-11D3-BF4B-00C04F79EFBC}") = "MassEffect", "02InterfacesDocumentation\MassEffect.csproj", "{7EF92FA0-48C3-4431-B581-06CFB344D7FE}"
EndProject
Project("{FAE04EC0-301F-11D3-BF4B-00C04F79EFBC}") = "01StringExtensions", "01StringExtensions\01StringExtensions.csproj", "{38757D22-AB17-406E-9358-E628C455A450}"
EndProject
Global
	GlobalSection(SolutionConfigurationPlatforms) = preSolution
		Debug|Any CPU = Debug|Any CPU
		Release|Any CPU = Release|Any CPU
	EndGlobalSection
	GlobalSection(ProjectConfigurationPlatforms) = postSolution
		{7EF92FA0-48C3-4431-B581-06CFB344D7FE}.Debug|Any CPU.ActiveCfg = Debug|Any CPU
		{7EF92FA0-48C3-4431-B581-06CFB344D7FE}.Debug|Any CPU.Build.0 = Debug|Any CPU
		{7EF92FA0-48C3-4431-B581-06CFB344D7FE}.Release|Any CPU.ActiveCfg = Release|Any CPU
		{7EF92FA0-48C3-4431-B581-06CFB344D7FE}.Release|Any CPU.Build.0 = Release|Any CPU
		{38757D22-AB17-406E-9358-E628C455A450}.Debug|Any CPU.ActiveCfg = Debug|Any CPU
		{38757D22-AB17-406E-9358-E628C455A450}.Debug|Any CPU.Build.0 = Debug|Any CPU
		{38757D22-AB17-406E-9358-E628C455A450}.Release|Any CPU.ActiveCfg = Release|Any CPU
		{38757D22-AB17-406E-9358-E628C455A450}.Release|Any CPU.Build.0 = Release|Any CPU
	EndGlobalSection
	GlobalSection(SolutionProperties) = preSolution
		HideSolutionNode = FALSE
	EndGlobalSection
EndGlobal
